
Microsoft Visual Studio Solution File, Format Version 12.00
# Visual Studio Version 16
VisualStudioVersion = 16.0.31025.218
MinimumVisualStudioVersion = 10.0.40219.1
Project("{FAE04EC0-301F-11D3-BF4B-00C04F79EFBC}") = "ProductionTicketGenerator", "ProductionTicketGenerator\ProductionTicketGenerator.csproj", "{BDAFB727-B76D-4D0E-87EE-99ADA471098B}"
EndProject
Project("{FAE04EC0-301F-11D3-BF4B-00C04F79EFBC}") = "DomainClasses", "DomainClasses\DomainClasses.csproj", "{2080EE29-0F4F-4869-A987-62160D3E27FA}"
EndProject
Project("{FAE04EC0-301F-11D3-BF4B-00C04F79EFBC}") = "DBLayer", "DBLayer\DBLayer.csproj", "{50C6835F-EC8E-4455-965D-8AFE30D7B91D}"
EndProject
Global
	GlobalSection(SolutionConfigurationPlatforms) = preSolution
		Debug|Any CPU = Debug|Any CPU
		Release|Any CPU = Release|Any CPU
	EndGlobalSection
	GlobalSection(ProjectConfigurationPlatforms) = postSolution
		{BDAFB727-B76D-4D0E-87EE-99ADA471098B}.Debug|Any CPU.ActiveCfg = Debug|Any CPU
		{BDAFB727-B76D-4D0E-87EE-99ADA471098B}.Debug|Any CPU.Build.0 = Debug|Any CPU
		{BDAFB727-B76D-4D0E-87EE-99ADA471098B}.Release|Any CPU.ActiveCfg = Release|Any CPU
		{BDAFB727-B76D-4D0E-87EE-99ADA471098B}.Release|Any CPU.Build.0 = Release|Any CPU
		{2080EE29-0F4F-4869-A987-62160D3E27FA}.Debug|Any CPU.ActiveCfg = Debug|Any CPU
		{2080EE29-0F4F-4869-A987-62160D3E27FA}.Debug|Any CPU.Build.0 = Debug|Any CPU
		{2080EE29-0F4F-4869-A987-62160D3E27FA}.Release|Any CPU.ActiveCfg = Release|Any CPU
		{2080EE29-0F4F-4869-A987-62160D3E27FA}.Release|Any CPU.Build.0 = Release|Any CPU
		{50C6835F-EC8E-4455-965D-8AFE30D7B91D}.Debug|Any CPU.ActiveCfg = Debug|Any CPU
		{50C6835F-EC8E-4455-965D-8AFE30D7B91D}.Debug|Any CPU.Build.0 = Debug|Any CPU
		{50C6835F-EC8E-4455-965D-8AFE30D7B91D}.Release|Any CPU.ActiveCfg = Release|Any CPU
		{50C6835F-EC8E-4455-965D-8AFE30D7B91D}.Release|Any CPU.Build.0 = Release|Any CPU
	EndGlobalSection
	GlobalSection(SolutionProperties) = preSolution
		HideSolutionNode = FALSE
	EndGlobalSection
	GlobalSection(ExtensibilityGlobals) = postSolution
		SolutionGuid = {36B50965-8193-42BC-B183-2454799614F1}
	EndGlobalSection
EndGlobal
